
Microsoft Visual Studio Solution File, Format Version 12.00
# Visual Studio Version 17
VisualStudioVersion = 17.0.31903.59
MinimumVisualStudioVersion = 10.0.40219.1
Project("{FAE04EC0-301F-11D3-BF4B-00C04F79EFBC}") = "Crimson.CompRoot", "Crimson.CompRoot\Crimson.CompRoot.csproj", "{E54ABF54-FA4C-4369-99EB-71254E76602C}"
EndProject
Project("{FAE04EC0-301F-11D3-BF4B-00C04F79EFBC}") = "Crimson", "Crimson\Crimson.csproj", "{F9C60F4C-68A1-450E-AFD9-FCD8D7904D89}"
EndProject
Project("{FAE04EC0-301F-11D3-BF4B-00C04F79EFBC}") = "Crimson.Model", "Crimson.Model\Crimson.Model.csproj", "{2C12A2F8-A839-4B02-B1CD-7BF0BEC8D7D2}"
EndProject
Project("{FAE04EC0-301F-11D3-BF4B-00C04F79EFBC}") = "Crimson.Core", "Crimson.Core\Crimson.Core.csproj", "{0F39D530-2B1F-4130-87EB-32ABC48CD7FE}"
EndProject
Project("{FAE04EC0-301F-11D3-BF4B-00C04F79EFBC}") = "Crimson.Core.Import", "Crimson.Core.Import\Crimson.Core.Import.csproj", "{2EA96D51-3026-4AFD-AA25-C41610EB42C2}"
EndProject
Project("{FAE04EC0-301F-11D3-BF4B-00C04F79EFBC}") = "Crimson.Core.Export", "Crimson.Core.Export\Crimson.Core.Export.csproj", "{2F734C83-92CB-4DE9-8996-C1DCD59F4D8C}"
EndProject
Global
	GlobalSection(SolutionConfigurationPlatforms) = preSolution
		Debug|Any CPU = Debug|Any CPU
		Release|Any CPU = Release|Any CPU
	EndGlobalSection
	GlobalSection(SolutionProperties) = preSolution
		HideSolutionNode = FALSE
	EndGlobalSection
	GlobalSection(ProjectConfigurationPlatforms) = postSolution
		{E54ABF54-FA4C-4369-99EB-71254E76602C}.Debug|Any CPU.ActiveCfg = Debug|Any CPU
		{E54ABF54-FA4C-4369-99EB-71254E76602C}.Debug|Any CPU.Build.0 = Debug|Any CPU
		{E54ABF54-FA4C-4369-99EB-71254E76602C}.Release|Any CPU.ActiveCfg = Release|Any CPU
		{E54ABF54-FA4C-4369-99EB-71254E76602C}.Release|Any CPU.Build.0 = Release|Any CPU
		{F9C60F4C-68A1-450E-AFD9-FCD8D7904D89}.Debug|Any CPU.ActiveCfg = Debug|Any CPU
		{F9C60F4C-68A1-450E-AFD9-FCD8D7904D89}.Debug|Any CPU.Build.0 = Debug|Any CPU
		{F9C60F4C-68A1-450E-AFD9-FCD8D7904D89}.Release|Any CPU.ActiveCfg = Release|Any CPU
		{F9C60F4C-68A1-450E-AFD9-FCD8D7904D89}.Release|Any CPU.Build.0 = Release|Any CPU
		{2C12A2F8-A839-4B02-B1CD-7BF0BEC8D7D2}.Debug|Any CPU.ActiveCfg = Debug|Any CPU
		{2C12A2F8-A839-4B02-B1CD-7BF0BEC8D7D2}.Debug|Any CPU.Build.0 = Debug|Any CPU
		{2C12A2F8-A839-4B02-B1CD-7BF0BEC8D7D2}.Release|Any CPU.ActiveCfg = Release|Any CPU
		{2C12A2F8-A839-4B02-B1CD-7BF0BEC8D7D2}.Release|Any CPU.Build.0 = Release|Any CPU
		{0F39D530-2B1F-4130-87EB-32ABC48CD7FE}.Debug|Any CPU.ActiveCfg = Debug|Any CPU
		{0F39D530-2B1F-4130-87EB-32ABC48CD7FE}.Debug|Any CPU.Build.0 = Debug|Any CPU
		{0F39D530-2B1F-4130-87EB-32ABC48CD7FE}.Release|Any CPU.ActiveCfg = Release|Any CPU
		{0F39D530-2B1F-4130-87EB-32ABC48CD7FE}.Release|Any CPU.Build.0 = Release|Any CPU
		{2EA96D51-3026-4AFD-AA25-C41610EB42C2}.Debug|Any CPU.ActiveCfg = Debug|Any CPU
		{2EA96D51-3026-4AFD-AA25-C41610EB42C2}.Debug|Any CPU.Build.0 = Debug|Any CPU
		{2EA96D51-3026-4AFD-AA25-C41610EB42C2}.Release|Any CPU.ActiveCfg = Release|Any CPU
		{2EA96D51-3026-4AFD-AA25-C41610EB42C2}.Release|Any CPU.Build.0 = Release|Any CPU
		{2F734C83-92CB-4DE9-8996-C1DCD59F4D8C}.Debug|Any CPU.ActiveCfg = Debug|Any CPU
		{2F734C83-92CB-4DE9-8996-C1DCD59F4D8C}.Debug|Any CPU.Build.0 = Debug|Any CPU
		{2F734C83-92CB-4DE9-8996-C1DCD59F4D8C}.Release|Any CPU.ActiveCfg = Release|Any CPU
		{2F734C83-92CB-4DE9-8996-C1DCD59F4D8C}.Release|Any CPU.Build.0 = Release|Any CPU
	EndGlobalSection
EndGlobal
